
Microsoft Visual Studio Solution File, Format Version 12.00
# Visual Studio Version 17
VisualStudioVersion = 17.14.36429.23 d17.14
MinimumVisualStudioVersion = 10.0.40219.1
Project("{FAE04EC0-301F-11D3-BF4B-00C04F79EFBC}") = "DocumentManagementSystem", "DocumentManagementSystem\DocumentManagementSystem.csproj", "{615ECAA0-4E2D-4299-B318-36403D4ED16B}"
EndProject
Global
	GlobalSection(SolutionConfigurationPlatforms) = preSolution
		Debug|Any CPU = Debug|Any CPU
		Release|Any CPU = Release|Any CPU
	EndGlobalSection
	GlobalSection(ProjectConfigurationPlatforms) = postSolution
		{615ECAA0-4E2D-4299-B318-36403D4ED16B}.Debug|Any CPU.ActiveCfg = Debug|Any CPU
		{615ECAA0-4E2D-4299-B318-36403D4ED16B}.Debug|Any CPU.Build.0 = Debug|Any CPU
		{615ECAA0-4E2D-4299-B318-36403D4ED16B}.Release|Any CPU.ActiveCfg = Release|Any CPU
		{615ECAA0-4E2D-4299-B318-36403D4ED16B}.Release|Any CPU.Build.0 = Release|Any CPU
	EndGlobalSection
	GlobalSection(SolutionProperties) = preSolution
		HideSolutionNode = FALSE
	EndGlobalSection
	GlobalSection(ExtensibilityGlobals) = postSolution
		SolutionGuid = {3F1A764B-C8A2-4915-9811-E3B941676A4A}
	EndGlobalSection
EndGlobal
